<?xml version="1.0" encoding="utf-8"?>
<Project ToolsVersion="17.0" xmlns="http://schemas.microsoft.com/developer/msbuild/2003">
  <ItemGroup>
    <CustomBuild Include="C:\Users\tofla\Me\dev-cpp\MyFilePrinter\CMakeFiles\1c46418c3a8528258b969c2ad79f9cc6\generate.stamp.rule">
      <Filter>CMake Rules</Filter>
    </CustomBuild>
  </ItemGroup>
  <ItemGroup>
    <Filter Include="CMake Rules">
      <UniqueIdentifier>{8F101AF7-FDCA-3FCE-B5ED-146096937EA2}</UniqueIdentifier>
    </Filter>
  </ItemGroup>
</Project>
