<?xml version="1.0" encoding="utf-8"?>
<Project ToolsVersion="17.0" xmlns="http://schemas.microsoft.com/developer/msbuild/2003">
  <ItemGroup>
    <CustomBuild Include="C:\Users\Toflar\Desktop\Me\dev-cpp\MyFilePrinter\CMakeFiles\68d124c77bb64b969877a1b4033f48ab\generate.stamp.rule">
      <Filter>CMake Rules</Filter>
    </CustomBuild>
  </ItemGroup>
  <ItemGroup>
    <Filter Include="CMake Rules">
      <UniqueIdentifier>{6F798C0A-B9C5-3928-A245-5E1EB715E0C0}</UniqueIdentifier>
    </Filter>
  </ItemGroup>
</Project>
